
Microsoft Visual Studio Solution File, Format Version 12.00
# Visual Studio Version 17
VisualStudioVersion = 17.10.35004.147
MinimumVisualStudioVersion = 10.0.40219.1
Project("{FAE04EC0-301F-11D3-BF4B-00C04F79EFBC}") = "Ex03.GarageLogic", "Ex03.GarageLogic\Ex03.GarageLogic.csproj", "{A7F5B9D2-64A4-4517-BE0B-72E6403E3E3F}"
EndProject
Project("{FAE04EC0-301F-11D3-BF4B-00C04F79EFBC}") = "Ex03.ConsoleUI", "Ex03.ConsoleUI\Ex03.ConsoleUI.csproj", "{8BD8D27E-81D5-4744-8558-E3F3AD6C2B85}"
EndProject
Global
	GlobalSection(SolutionConfigurationPlatforms) = preSolution
		Debug|Any CPU = Debug|Any CPU
		Release|Any CPU = Release|Any CPU
	EndGlobalSection
	GlobalSection(ProjectConfigurationPlatforms) = postSolution
		{A7F5B9D2-64A4-4517-BE0B-72E6403E3E3F}.Debug|Any CPU.ActiveCfg = Debug|Any CPU
		{A7F5B9D2-64A4-4517-BE0B-72E6403E3E3F}.Debug|Any CPU.Build.0 = Debug|Any CPU
		{A7F5B9D2-64A4-4517-BE0B-72E6403E3E3F}.Release|Any CPU.ActiveCfg = Release|Any CPU
		{A7F5B9D2-64A4-4517-BE0B-72E6403E3E3F}.Release|Any CPU.Build.0 = Release|Any CPU
		{8BD8D27E-81D5-4744-8558-E3F3AD6C2B85}.Debug|Any CPU.ActiveCfg = Debug|Any CPU
		{8BD8D27E-81D5-4744-8558-E3F3AD6C2B85}.Debug|Any CPU.Build.0 = Debug|Any CPU
		{8BD8D27E-81D5-4744-8558-E3F3AD6C2B85}.Release|Any CPU.ActiveCfg = Release|Any CPU
		{8BD8D27E-81D5-4744-8558-E3F3AD6C2B85}.Release|Any CPU.Build.0 = Release|Any CPU
	EndGlobalSection
	GlobalSection(SolutionProperties) = preSolution
		HideSolutionNode = FALSE
	EndGlobalSection
	GlobalSection(ExtensibilityGlobals) = postSolution
		SolutionGuid = {EA86809A-7B6F-4E33-9655-6B9C93FE35E5}
	EndGlobalSection
EndGlobal
